
Microsoft Visual Studio Solution File, Format Version 12.00
# Visual Studio 15
VisualStudioVersion = 15.0.26730.12
MinimumVisualStudioVersion = 10.0.40219.1
Project("{FAE04EC0-301F-11D3-BF4B-00C04F79EFBC}") = "Haushaltsbuch", "Haushaltsbuch\Haushaltsbuch.csproj", "{4AC164E0-E039-459D-80E4-E98048DEB753}"
EndProject
Project("{FAE04EC0-301F-11D3-BF4B-00C04F79EFBC}") = "Haushaltsbuch.Tests", "Haushaltsbuch.Tests\Haushaltsbuch.Tests.csproj", "{18CF618B-75BB-4AFF-8B03-432FE614F2D5}"
EndProject
Global
	GlobalSection(SolutionConfigurationPlatforms) = preSolution
		Debug|Any CPU = Debug|Any CPU
		Release|Any CPU = Release|Any CPU
	EndGlobalSection
	GlobalSection(ProjectConfigurationPlatforms) = postSolution
		{4AC164E0-E039-459D-80E4-E98048DEB753}.Debug|Any CPU.ActiveCfg = Debug|Any CPU
		{4AC164E0-E039-459D-80E4-E98048DEB753}.Debug|Any CPU.Build.0 = Debug|Any CPU
		{4AC164E0-E039-459D-80E4-E98048DEB753}.Release|Any CPU.ActiveCfg = Release|Any CPU
		{4AC164E0-E039-459D-80E4-E98048DEB753}.Release|Any CPU.Build.0 = Release|Any CPU
		{18CF618B-75BB-4AFF-8B03-432FE614F2D5}.Debug|Any CPU.ActiveCfg = Debug|Any CPU
		{18CF618B-75BB-4AFF-8B03-432FE614F2D5}.Debug|Any CPU.Build.0 = Debug|Any CPU
		{18CF618B-75BB-4AFF-8B03-432FE614F2D5}.Release|Any CPU.ActiveCfg = Release|Any CPU
		{18CF618B-75BB-4AFF-8B03-432FE614F2D5}.Release|Any CPU.Build.0 = Release|Any CPU
	EndGlobalSection
	GlobalSection(SolutionProperties) = preSolution
		HideSolutionNode = FALSE
	EndGlobalSection
	GlobalSection(ExtensibilityGlobals) = postSolution
		SolutionGuid = {EE92BDF9-FCD0-4E7B-BFBD-157440DA4E7E}
	EndGlobalSection
EndGlobal
